// !$*UTF8*$!
{
	archiveVersion = 1;
	classes = {
	};
	objectVersion = 46;
	objects = {

/* Begin PBXBuildFile section */
		BE12C3201921CD9800944612 /* Foundation.framework in Frameworks */ = {isa = PBXBuildFile; fileRef = BE12C31F1921CD9800944612 /* Foundation.framework */; };
		BE12C3221921CD9800944612 /* CoreGraphics.framework in Frameworks */ = {isa = PBXBuildFile; fileRef = BE12C3211921CD9800944612 /* CoreGraphics.framework */; };
		BE12C3241921CD9800944612 /* UIKit.framework in Frameworks */ = {isa = PBXBuildFile; fileRef = BE12C3231921CD9800944612 /* UIKit.framework */; };
		BE12C32A1921CD9800944612 /* InfoPlist.strings in Resources */ = {isa = PBXBuildFile; fileRef = BE12C3281921CD9800944612 /* InfoPlist.strings */; };
		BE12C32C1921CD9800944612 /* main.m in Sources */ = {isa = PBXBuildFile; fileRef = BE12C32B1921CD9800944612 /* main.m */; };
		BE12C3301921CD9800944612 /* AppDelegate.m in Sources */ = {isa = PBXBuildFile; fileRef = BE12C32F1921CD9800944612 /* AppDelegate.m */; };
		BE12C3331921CD9800944612 /* Main_iPhone.storyboard in Resources */ = {isa = PBXBuildFile; fileRef = BE12C3311921CD9800944612 /* Main_iPhone.storyboard */; };
		BE12C3361921CD9800944612 /* Main_iPad.storyboard in Resources */ = {isa = PBXBuildFile; fileRef = BE12C3341921CD9800944612 /* Main_iPad.storyboard */; };
		BE12C3391921CD9800944612 /* ViewController.m in Sources */ = {isa = PBXBuildFile; fileRef = BE12C3381921CD9800944612 /* ViewController.m */; };
		BE12C33B1921CD9800944612 /* Images.xcassets in Resources */ = {isa = PBXBuildFile; fileRef = BE12C33A1921CD9800944612 /* Images.xcassets */; };
		BE12C3421921CD9800944612 /* XCTest.framework in Frameworks */ = {isa = PBXBuildFile; fileRef = BE12C3411921CD9800944612 /* XCTest.framework */; };
		BE12C3431921CD9800944612 /* Foundation.framework in Frameworks */ = {isa = PBXBuildFile; fileRef = BE12C31F1921CD9800944612 /* Foundation.framework */; };
		BE12C3441921CD9800944612 /* UIKit.framework in Frameworks */ = {isa = PBXBuildFile; fileRef = BE12C3231921CD9800944612 /* UIKit.framework */; };
		BE12C34C1921CD9800944612 /* InfoPlist.strings in Resources */ = {isa = PBXBuildFile; fileRef = BE12C34A1921CD9800944612 /* InfoPlist.strings */; };
		BE12C34E1921CD9800944612 /* DBRestClient_BlocksTests.m in Sources */ = {isa = PBXBuildFile; fileRef = BE12C34D1921CD9800944612 /* DBRestClient_BlocksTests.m */; };
		BE12C35A1921CEAC00944612 /* DropboxSDK.framework in Frameworks */ = {isa = PBXBuildFile; fileRef = BE12C3591921CEAC00944612 /* DropboxSDK.framework */; };
		BE12C35C1921CEC400944612 /* Security.framework in Frameworks */ = {isa = PBXBuildFile; fileRef = BE12C35B1921CEC400944612 /* Security.framework */; };
		BE12C35E1921CECB00944612 /* QuartzCore.framework in Frameworks */ = {isa = PBXBuildFile; fileRef = BE12C35D1921CECB00944612 /* QuartzCore.framework */; };
		BE12C3671921CF8000944612 /* DBRestClient+Blocks.m in Sources */ = {isa = PBXBuildFile; fileRef = BE12C3661921CF8000944612 /* DBRestClient+Blocks.m */; };
/* End PBXBuildFile section */

/* Begin PBXContainerItemProxy section */
		BE12C3451921CD9800944612 /* PBXContainerItemProxy */ = {
			isa = PBXContainerItemProxy;
			containerPortal = BE12C3141921CD9800944612 /* Project object */;
			proxyType = 1;
			remoteGlobalIDString = BE12C31B1921CD9800944612;
			remoteInfo = "DBRestClient+Blocks";
		};
/* End PBXContainerItemProxy section */

/* Begin PBXFileReference section */
		BE12C31C1921CD9800944612 /* DBRestClient+Blocks.app */ = {isa = PBXFileReference; explicitFileType = wrapper.application; includeInIndex = 0; path = "DBRestClient+Blocks.app"; sourceTree = BUILT_PRODUCTS_DIR; };
		BE12C31F1921CD9800944612 /* Foundation.framework */ = {isa = PBXFileReference; lastKnownFileType = wrapper.framework; name = Foundation.framework; path = System/Library/Frameworks/Foundation.framework; sourceTree = SDKROOT; };
		BE12C3211921CD9800944612 /* CoreGraphics.framework */ = {isa = PBXFileReference; lastKnownFileType = wrapper.framework; name = CoreGraphics.framework; path = System/Library/Frameworks/CoreGraphics.framework; sourceTree = SDKROOT; };
		BE12C3231921CD9800944612 /* UIKit.framework */ = {isa = PBXFileReference; lastKnownFileType = wrapper.framework; name = UIKit.framework; path = System/Library/Frameworks/UIKit.framework; sourceTree = SDKROOT; };
		BE12C3271921CD9800944612 /* DBRestClient+Blocks-Info.plist */ = {isa = PBXFileReference; lastKnownFileType = text.plist.xml; path = "DBRestClient+Blocks-Info.plist"; sourceTree = "<group>"; };
		BE12C3291921CD9800944612 /* en */ = {isa = PBXFileReference; lastKnownFileType = text.plist.strings; name = en; path = en.lproj/InfoPlist.strings; sourceTree = "<group>"; };
		BE12C32B1921CD9800944612 /* main.m */ = {isa = PBXFileReference; lastKnownFileType = sourcecode.c.objc; path = main.m; sourceTree = "<group>"; };
		BE12C32D1921CD9800944612 /* DBRestClient+Blocks-Prefix.pch */ = {isa = PBXFileReference; lastKnownFileType = sourcecode.c.h; path = "DBRestClient+Blocks-Prefix.pch"; sourceTree = "<group>"; };
		BE12C32E1921CD9800944612 /* AppDelegate.h */ = {isa = PBXFileReference; lastKnownFileType = sourcecode.c.h; path = AppDelegate.h; sourceTree = "<group>"; };
		BE12C32F1921CD9800944612 /* AppDelegate.m */ = {isa = PBXFileReference; lastKnownFileType = sourcecode.c.objc; path = AppDelegate.m; sourceTree = "<group>"; };
		BE12C3321921CD9800944612 /* Base */ = {isa = PBXFileReference; lastKnownFileType = file.storyboard; name = Base; path = Base.lproj/Main_iPhone.storyboard; sourceTree = "<group>"; };
		BE12C3351921CD9800944612 /* Base */ = {isa = PBXFileReference; lastKnownFileType = file.storyboard; name = Base; path = Base.lproj/Main_iPad.storyboard; sourceTree = "<group>"; };
		BE12C3371921CD9800944612 /* ViewController.h */ = {isa = PBXFileReference; lastKnownFileType = sourcecode.c.h; path = ViewController.h; sourceTree = "<group>"; };
		BE12C3381921CD9800944612 /* ViewController.m */ = {isa = PBXFileReference; lastKnownFileType = sourcecode.c.objc; path = ViewController.m; sourceTree = "<group>"; };
		BE12C33A1921CD9800944612 /* Images.xcassets */ = {isa = PBXFileReference; lastKnownFileType = folder.assetcatalog; path = Images.xcassets; sourceTree = "<group>"; };
		BE12C3401921CD9800944612 /* DBRestClient+BlocksTests.xctest */ = {isa = PBXFileReference; explicitFileType = wrapper.cfbundle; includeInIndex = 0; path = "DBRestClient+BlocksTests.xctest"; sourceTree = BUILT_PRODUCTS_DIR; };
		BE12C3411921CD9800944612 /* XCTest.framework */ = {isa = PBXFileReference; lastKnownFileType = wrapper.framework; name = XCTest.framework; path = Library/Frameworks/XCTest.framework; sourceTree = DEVELOPER_DIR; };
		BE12C3491921CD9800944612 /* DBRestClient+BlocksTests-Info.plist */ = {isa = PBXFileReference; lastKnownFileType = text.plist.xml; path = "DBRestClient+BlocksTests-Info.plist"; sourceTree = "<group>"; };
		BE12C34B1921CD9800944612 /* en */ = {isa = PBXFileReference; lastKnownFileType = text.plist.strings; name = en; path = en.lproj/InfoPlist.strings; sourceTree = "<group>"; };
		BE12C34D1921CD9800944612 /* DBRestClient_BlocksTests.m */ = {isa = PBXFileReference; lastKnownFileType = sourcecode.c.objc; path = DBRestClient_BlocksTests.m; sourceTree = "<group>"; };
		BE12C3591921CEAC00944612 /* DropboxSDK.framework */ = {isa = PBXFileReference; lastKnownFileType = wrapper.framework; path = DropboxSDK.framework; sourceTree = "<group>"; };
		BE12C35B1921CEC400944612 /* Security.framework */ = {isa = PBXFileReference; lastKnownFileType = wrapper.framework; name = Security.framework; path = System/Library/Frameworks/Security.framework; sourceTree = SDKROOT; };
		BE12C35D1921CECB00944612 /* QuartzCore.framework */ = {isa = PBXFileReference; lastKnownFileType = wrapper.framework; name = QuartzCore.framework; path = System/Library/Frameworks/QuartzCore.framework; sourceTree = SDKROOT; };
		BE12C3651921CF8000944612 /* DBRestClient+Blocks.h */ = {isa = PBXFileReference; fileEncoding = 4; lastKnownFileType = sourcecode.c.h; name = "DBRestClient+Blocks.h"; path = "Source/DBRestClient+Blocks.h"; sourceTree = SOURCE_ROOT; };
		BE12C3661921CF8000944612 /* DBRestClient+Blocks.m */ = {isa = PBXFileReference; fileEncoding = 4; lastKnownFileType = sourcecode.c.objc; name = "DBRestClient+Blocks.m"; path = "Source/DBRestClient+Blocks.m"; sourceTree = SOURCE_ROOT; };
/* End PBXFileReference section */

/* Begin PBXFrameworksBuildPhase section */
		BE12C3191921CD9800944612 /* Frameworks */ = {
			isa = PBXFrameworksBuildPhase;
			buildActionMask = 2147483647;
			files = (
				BE12C35E1921CECB00944612 /* QuartzCore.framework in Frameworks */,
				BE12C35C1921CEC400944612 /* Security.framework in Frameworks */,
				BE12C35A1921CEAC00944612 /* DropboxSDK.framework in Frameworks */,
				BE12C3221921CD9800944612 /* CoreGraphics.framework in Frameworks */,
				BE12C3241921CD9800944612 /* UIKit.framework in Frameworks */,
				BE12C3201921CD9800944612 /* Foundation.framework in Frameworks */,
			);
			runOnlyForDeploymentPostprocessing = 0;
		};
		BE12C33D1921CD9800944612 /* Frameworks */ = {
			isa = PBXFrameworksBuildPhase;
			buildActionMask = 2147483647;
			files = (
				BE12C3421921CD9800944612 /* XCTest.framework in Frameworks */,
				BE12C3441921CD9800944612 /* UIKit.framework in Frameworks */,
				BE12C3431921CD9800944612 /* Foundation.framework in Frameworks */,
			);
			runOnlyForDeploymentPostprocessing = 0;
		};
/* End PBXFrameworksBuildPhase section */

/* Begin PBXGroup section */
		BE12C3131921CD9800944612 = {
			isa = PBXGroup;
			children = (
				BE12C3251921CD9800944612 /* DBRestClient+Blocks */,
				BE12C3471921CD9800944612 /* DBRestClient+BlocksTests */,
				BE12C31E1921CD9800944612 /* Frameworks */,
				BE12C31D1921CD9800944612 /* Products */,
			);
			sourceTree = "<group>";
		};
		BE12C31D1921CD9800944612 /* Products */ = {
			isa = PBXGroup;
			children = (
				BE12C31C1921CD9800944612 /* DBRestClient+Blocks.app */,
				BE12C3401921CD9800944612 /* DBRestClient+BlocksTests.xctest */,
			);
			name = Products;
			sourceTree = "<group>";
		};
		BE12C31E1921CD9800944612 /* Frameworks */ = {
			isa = PBXGroup;
			children = (
				BE12C3571921CE9200944612 /* Apple */,
				BE12C3581921CE9A00944612 /* Dropbox */,
			);
			name = Frameworks;
			sourceTree = "<group>";
		};
		BE12C3251921CD9800944612 /* DBRestClient+Blocks */ = {
			isa = PBXGroup;
			children = (
				BE12C3601921CEE700944612 /* AppDelegate */,
				BE12C33A1921CD9800944612 /* Images.xcassets */,
				BE12C35F1921CEDC00944612 /* Storyboards */,
				BE12C3261921CD9800944612 /* Supporting Files */,
				BE12C3611921CEEE00944612 /* ViewControllers */,
				BE12C3651921CF8000944612 /* DBRestClient+Blocks.h */,
				BE12C3661921CF8000944612 /* DBRestClient+Blocks.m */,
			);
			path = "DBRestClient+Blocks";
			sourceTree = "<group>";
		};
		BE12C3261921CD9800944612 /* Supporting Files */ = {
			isa = PBXGroup;
			children = (
				BE12C3271921CD9800944612 /* DBRestClient+Blocks-Info.plist */,
				BE12C3281921CD9800944612 /* InfoPlist.strings */,
				BE12C32B1921CD9800944612 /* main.m */,
				BE12C32D1921CD9800944612 /* DBRestClient+Blocks-Prefix.pch */,
			);
			name = "Supporting Files";
			sourceTree = "<group>";
		};
		BE12C3471921CD9800944612 /* DBRestClient+BlocksTests */ = {
			isa = PBXGroup;
			children = (
				BE12C34D1921CD9800944612 /* DBRestClient_BlocksTests.m */,
				BE12C3481921CD9800944612 /* Supporting Files */,
			);
			path = "DBRestClient+BlocksTests";
			sourceTree = "<group>";
		};
		BE12C3481921CD9800944612 /* Supporting Files */ = {
			isa = PBXGroup;
			children = (
				BE12C3491921CD9800944612 /* DBRestClient+BlocksTests-Info.plist */,
				BE12C34A1921CD9800944612 /* InfoPlist.strings */,
			);
			name = "Supporting Files";
			sourceTree = "<group>";
		};
		BE12C3571921CE9200944612 /* Apple */ = {
			isa = PBXGroup;
			children = (
				BE12C35D1921CECB00944612 /* QuartzCore.framework */,
				BE12C35B1921CEC400944612 /* Security.framework */,
				BE12C31F1921CD9800944612 /* Foundation.framework */,
				BE12C3211921CD9800944612 /* CoreGraphics.framework */,
				BE12C3231921CD9800944612 /* UIKit.framework */,
				BE12C3411921CD9800944612 /* XCTest.framework */,
			);
			name = Apple;
			sourceTree = "<group>";
		};
		BE12C3581921CE9A00944612 /* Dropbox */ = {
			isa = PBXGroup;
			children = (
				BE12C3591921CEAC00944612 /* DropboxSDK.framework */,
			);
			name = Dropbox;
			sourceTree = "<group>";
		};
		BE12C35F1921CEDC00944612 /* Storyboards */ = {
			isa = PBXGroup;
			children = (
				BE12C3311921CD9800944612 /* Main_iPhone.storyboard */,
				BE12C3341921CD9800944612 /* Main_iPad.storyboard */,
			);
			name = Storyboards;
			sourceTree = "<group>";
		};
		BE12C3601921CEE700944612 /* AppDelegate */ = {
			isa = PBXGroup;
			children = (
				BE12C32E1921CD9800944612 /* AppDelegate.h */,
				BE12C32F1921CD9800944612 /* AppDelegate.m */,
			);
			name = AppDelegate;
			sourceTree = "<group>";
		};
		BE12C3611921CEEE00944612 /* ViewControllers */ = {
			isa = PBXGroup;
			children = (
				BE12C3371921CD9800944612 /* ViewController.h */,
				BE12C3381921CD9800944612 /* ViewController.m */,
			);
			name = ViewControllers;
			sourceTree = "<group>";
		};
/* End PBXGroup section */

/* Begin PBXNativeTarget section */
		BE12C31B1921CD9800944612 /* DBRestClient+Blocks */ = {
			isa = PBXNativeTarget;
			buildConfigurationList = BE12C3511921CD9800944612 /* Build configuration list for PBXNativeTarget "DBRestClient+Blocks" */;
			buildPhases = (
				BE12C3181921CD9800944612 /* Sources */,
				BE12C3191921CD9800944612 /* Frameworks */,
				BE12C31A1921CD9800944612 /* Resources */,
			);
			buildRules = (
			);
			dependencies = (
			);
			name = "DBRestClient+Blocks";
			productName = "DBRestClient+Blocks";
			productReference = BE12C31C1921CD9800944612 /* DBRestClient+Blocks.app */;
			productType = "com.apple.product-type.application";
		};
		BE12C33F1921CD9800944612 /* DBRestClient+BlocksTests */ = {
			isa = PBXNativeTarget;
			buildConfigurationList = BE12C3541921CD9800944612 /* Build configuration list for PBXNativeTarget "DBRestClient+BlocksTests" */;
			buildPhases = (
				BE12C33C1921CD9800944612 /* Sources */,
				BE12C33D1921CD9800944612 /* Frameworks */,
				BE12C33E1921CD9800944612 /* Resources */,
			);
			buildRules = (
			);
			dependencies = (
				BE12C3461921CD9800944612 /* PBXTargetDependency */,
			);
			name = "DBRestClient+BlocksTests";
			productName = "DBRestClient+BlocksTests";
			productReference = BE12C3401921CD9800944612 /* DBRestClient+BlocksTests.xctest */;
			productType = "com.apple.product-type.bundle.unit-test";
		};
/* End PBXNativeTarget section */

/* Begin PBXProject section */
		BE12C3141921CD9800944612 /* Project object */ = {
			isa = PBXProject;
			attributes = {
				LastUpgradeCheck = 0510;
				ORGANIZATIONNAME = NSWill;
				TargetAttributes = {
					BE12C33F1921CD9800944612 = {
						TestTargetID = BE12C31B1921CD9800944612;
					};
				};
			};
			buildConfigurationList = BE12C3171921CD9800944612 /* Build configuration list for PBXProject "DBRestClient+Blocks" */;
			compatibilityVersion = "Xcode 3.2";
			developmentRegion = English;
			hasScannedForEncodings = 0;
			knownRegions = (
				en,
				Base,
			);
			mainGroup = BE12C3131921CD9800944612;
			productRefGroup = BE12C31D1921CD9800944612 /* Products */;
			projectDirPath = "";
			projectRoot = "";
			targets = (
				BE12C31B1921CD9800944612 /* DBRestClient+Blocks */,
				BE12C33F1921CD9800944612 /* DBRestClient+BlocksTests */,
			);
		};
/* End PBXProject section */

/* Begin PBXResourcesBuildPhase section */
		BE12C31A1921CD9800944612 /* Resources */ = {
			isa = PBXResourcesBuildPhase;
			buildActionMask = 2147483647;
			files = (
				BE12C3361921CD9800944612 /* Main_iPad.storyboard in Resources */,
				BE12C33B1921CD9800944612 /* Images.xcassets in Resources */,
				BE12C3331921CD9800944612 /* Main_iPhone.storyboard in Resources */,
				BE12C32A1921CD9800944612 /* InfoPlist.strings in Resources */,
			);
			runOnlyForDeploymentPostprocessing = 0;
		};
		BE12C33E1921CD9800944612 /* Resources */ = {
			isa = PBXResourcesBuildPhase;
			buildActionMask = 2147483647;
			files = (
				BE12C34C1921CD9800944612 /* InfoPlist.strings in Resources */,
			);
			runOnlyForDeploymentPostprocessing = 0;
		};
/* End PBXResourcesBuildPhase section */

/* Begin PBXSourcesBuildPhase section */
		BE12C3181921CD9800944612 /* Sources */ = {
			isa = PBXSourcesBuildPhase;
			buildActionMask = 2147483647;
			files = (
				BE12C3671921CF8000944612 /* DBRestClient+Blocks.m in Sources */,
				BE12C3391921CD9800944612 /* ViewController.m in Sources */,
				BE12C3301921CD9800944612 /* AppDelegate.m in Sources */,
				BE12C32C1921CD9800944612 /* main.m in Sources */,
			);
			runOnlyForDeploymentPostprocessing = 0;
		};
		BE12C33C1921CD9800944612 /* Sources */ = {
			isa = PBXSourcesBuildPhase;
			buildActionMask = 2147483647;
			files = (
				BE12C34E1921CD9800944612 /* DBRestClient_BlocksTests.m in Sources */,
			);
			runOnlyForDeploymentPostprocessing = 0;
		};
/* End PBXSourcesBuildPhase section */

/* Begin PBXTargetDependency section */
		BE12C3461921CD9800944612 /* PBXTargetDependency */ = {
			isa = PBXTargetDependency;
			target = BE12C31B1921CD9800944612 /* DBRestClient+Blocks */;
			targetProxy = BE12C3451921CD9800944612 /* PBXContainerItemProxy */;
		};
/* End PBXTargetDependency section */

/* Begin PBXVariantGroup section */
		BE12C3281921CD9800944612 /* InfoPlist.strings */ = {
			isa = PBXVariantGroup;
			children = (
				BE12C3291921CD9800944612 /* en */,
			);
			name = InfoPlist.strings;
			sourceTree = "<group>";
		};
		BE12C3311921CD9800944612 /* Main_iPhone.storyboard */ = {
			isa = PBXVariantGroup;
			children = (
				BE12C3321921CD9800944612 /* Base */,
			);
			name = Main_iPhone.storyboard;
			sourceTree = "<group>";
		};
		BE12C3341921CD9800944612 /* Main_iPad.storyboard */ = {
			isa = PBXVariantGroup;
			children = (
				BE12C3351921CD9800944612 /* Base */,
			);
			name = Main_iPad.storyboard;
			sourceTree = "<group>";
		};
		BE12C34A1921CD9800944612 /* InfoPlist.strings */ = {
			isa = PBXVariantGroup;
			children = (
				BE12C34B1921CD9800944612 /* en */,
			);
			name = InfoPlist.strings;
			sourceTree = "<group>";
		};
/* End PBXVariantGroup section */

/* Begin XCBuildConfiguration section */
		BE12C34F1921CD9800944612 /* Debug */ = {
			isa = XCBuildConfiguration;
			buildSettings = {
				ALWAYS_SEARCH_USER_PATHS = NO;
				CLANG_CXX_LANGUAGE_STANDARD = "gnu++0x";
				CLANG_CXX_LIBRARY = "libc++";
				CLANG_ENABLE_MODULES = YES;
				CLANG_ENABLE_OBJC_ARC = YES;
				CLANG_WARN_BOOL_CONVERSION = YES;
				CLANG_WARN_CONSTANT_CONVERSION = YES;
				CLANG_WARN_DIRECT_OBJC_ISA_USAGE = YES_ERROR;
				CLANG_WARN_EMPTY_BODY = YES;
				CLANG_WARN_ENUM_CONVERSION = YES;
				CLANG_WARN_INT_CONVERSION = YES;
				CLANG_WARN_OBJC_ROOT_CLASS = YES_ERROR;
				CLANG_WARN__DUPLICATE_METHOD_MATCH = YES;
				"CODE_SIGN_IDENTITY[sdk=iphoneos*]" = "iPhone Developer";
				COPY_PHASE_STRIP = NO;
				GCC_C_LANGUAGE_STANDARD = gnu99;
				GCC_DYNAMIC_NO_PIC = NO;
				GCC_OPTIMIZATION_LEVEL = 0;
				GCC_PREPROCESSOR_DEFINITIONS = (
					"DEBUG=1",
					"$(inherited)",
				);
				GCC_SYMBOLS_PRIVATE_EXTERN = NO;
				GCC_WARN_64_TO_32_BIT_CONVERSION = YES;
				GCC_WARN_ABOUT_RETURN_TYPE = YES_ERROR;
				GCC_WARN_UNDECLARED_SELECTOR = YES;
				GCC_WARN_UNINITIALIZED_AUTOS = YES_AGGRESSIVE;
				GCC_WARN_UNUSED_FUNCTION = YES;
				GCC_WARN_UNUSED_VARIABLE = YES;
				IPHONEOS_DEPLOYMENT_TARGET = 7.1;
				ONLY_ACTIVE_ARCH = YES;
				SDKROOT = iphoneos;
				TARGETED_DEVICE_FAMILY = "1,2";
			};
			name = Debug;
		};
		BE12C3501921CD9800944612 /* Release */ = {
			isa = XCBuildConfiguration;
			buildSettings = {
				ALWAYS_SEARCH_USER_PATHS = NO;
				CLANG_CXX_LANGUAGE_STANDARD = "gnu++0x";
				CLANG_CXX_LIBRARY = "libc++";
				CLANG_ENABLE_MODULES = YES;
				CLANG_ENABLE_OBJC_ARC = YES;
				CLANG_WARN_BOOL_CONVERSION = YES;
				CLANG_WARN_CONSTANT_CONVERSION = YES;
				CLANG_WARN_DIRECT_OBJC_ISA_USAGE = YES_ERROR;
				CLANG_WARN_EMPTY_BODY = YES;
				CLANG_WARN_ENUM_CONVERSION = YES;
				CLANG_WARN_INT_CONVERSION = YES;
				CLANG_WARN_OBJC_ROOT_CLASS = YES_ERROR;
				CLANG_WARN__DUPLICATE_METHOD_MATCH = YES;
				"CODE_SIGN_IDENTITY[sdk=iphoneos*]" = "iPhone Developer";
				COPY_PHASE_STRIP = YES;
				ENABLE_NS_ASSERTIONS = NO;
				GCC_C_LANGUAGE_STANDARD = gnu99;
				GCC_WARN_64_TO_32_BIT_CONVERSION = YES;
				GCC_WARN_ABOUT_RETURN_TYPE = YES_ERROR;
				GCC_WARN_UNDECLARED_SELECTOR = YES;
				GCC_WARN_UNINITIALIZED_AUTOS = YES_AGGRESSIVE;
				GCC_WARN_UNUSED_FUNCTION = YES;
				GCC_WARN_UNUSED_VARIABLE = YES;
				IPHONEOS_DEPLOYMENT_TARGET = 7.1;
				SDKROOT = iphoneos;
				TARGETED_DEVICE_FAMILY = "1,2";
				VALIDATE_PRODUCT = YES;
			};
			name = Release;
		};
		BE12C3521921CD9800944612 /* Debug */ = {
			isa = XCBuildConfiguration;
			buildSettings = {
				ASSETCATALOG_COMPILER_APPICON_NAME = AppIcon;
				ASSETCATALOG_COMPILER_LAUNCHIMAGE_NAME = LaunchImage;
				FRAMEWORK_SEARCH_PATHS = (
					"$(inherited)",
					"$(PROJECT_DIR)",
				);
				GCC_PRECOMPILE_PREFIX_HEADER = YES;
				GCC_PREFIX_HEADER = "DBRestClient+Blocks/DBRestClient+Blocks-Prefix.pch";
				INFOPLIST_FILE = "DBRestClient+Blocks/DBRestClient+Blocks-Info.plist";
				PRODUCT_NAME = "$(TARGET_NAME)";
				WRAPPER_EXTENSION = app;
			};
			name = Debug;
		};
		BE12C3531921CD9800944612 /* Release */ = {
			isa = XCBuildConfiguration;
			buildSettings = {
				ASSETCATALOG_COMPILER_APPICON_NAME = AppIcon;
				ASSETCATALOG_COMPILER_LAUNCHIMAGE_NAME = LaunchImage;
				FRAMEWORK_SEARCH_PATHS = (
					"$(inherited)",
					"$(PROJECT_DIR)",
				);
				GCC_PRECOMPILE_PREFIX_HEADER = YES;
				GCC_PREFIX_HEADER = "DBRestClient+Blocks/DBRestClient+Blocks-Prefix.pch";
				INFOPLIST_FILE = "DBRestClient+Blocks/DBRestClient+Blocks-Info.plist";
				PRODUCT_NAME = "$(TARGET_NAME)";
				WRAPPER_EXTENSION = app;
			};
			name = Release;
		};
		BE12C3551921CD9800944612 /* Debug */ = {
			isa = XCBuildConfiguration;
			buildSettings = {
				BUNDLE_LOADER = "$(BUILT_PRODUCTS_DIR)/DBRestClient+Blocks.app/DBRestClient+Blocks";
				FRAMEWORK_SEARCH_PATHS = (
					"$(SDKROOT)/Developer/Library/Frameworks",
					"$(inherited)",
					"$(DEVELOPER_FRAMEWORKS_DIR)",
				);
				GCC_PRECOMPILE_PREFIX_HEADER = YES;
				GCC_PREFIX_HEADER = "DBRestClient+Blocks/DBRestClient+Blocks-Prefix.pch";
				GCC_PREPROCESSOR_DEFINITIONS = (
					"DEBUG=1",
					"$(inherited)",
				);
				INFOPLIST_FILE = "DBRestClient+BlocksTests/DBRestClient+BlocksTests-Info.plist";
				PRODUCT_NAME = "$(TARGET_NAME)";
				TEST_HOST = "$(BUNDLE_LOADER)";
				WRAPPER_EXTENSION = xctest;
			};
			name = Debug;
		};
		BE12C3561921CD9800944612 /* Release */ = {
			isa = XCBuildConfiguration;
			buildSettings = {
				BUNDLE_LOADER = "$(BUILT_PRODUCTS_DIR)/DBRestClient+Blocks.app/DBRestClient+Blocks";
				FRAMEWORK_SEARCH_PATHS = (
					"$(SDKROOT)/Developer/Library/Frameworks",
					"$(inherited)",
					"$(DEVELOPER_FRAMEWORKS_DIR)",
				);
				GCC_PRECOMPILE_PREFIX_HEADER = YES;
				GCC_PREFIX_HEADER = "DBRestClient+Blocks/DBRestClient+Blocks-Prefix.pch";
				INFOPLIST_FILE = "DBRestClient+BlocksTests/DBRestClient+BlocksTests-Info.plist";
				PRODUCT_NAME = "$(TARGET_NAME)";
				TEST_HOST = "$(BUNDLE_LOADER)";
				WRAPPER_EXTENSION = xctest;
			};
			name = Release;
		};
/* End XCBuildConfiguration section */

/* Begin XCConfigurationList section */
		BE12C3171921CD9800944612 /* Build configuration list for PBXProject "DBRestClient+Blocks" */ = {
			isa = XCConfigurationList;
			buildConfigurations = (
				BE12C34F1921CD9800944612 /* Debug */,
				BE12C3501921CD9800944612 /* Release */,
			);
			defaultConfigurationIsVisible = 0;
			defaultConfigurationName = Release;
		};
		BE12C3511921CD9800944612 /* Build configuration list for PBXNativeTarget "DBRestClient+Blocks" */ = {
			isa = XCConfigurationList;
			buildConfigurations = (
				BE12C3521921CD9800944612 /* Debug */,
				BE12C3531921CD9800944612 /* Release */,
			);
			defaultConfigurationIsVisible = 0;
		};
		BE12C3541921CD9800944612 /* Build configuration list for PBXNativeTarget "DBRestClient+BlocksTests" */ = {
			isa = XCConfigurationList;
			buildConfigurations = (
				BE12C3551921CD9800944612 /* Debug */,
				BE12C3561921CD9800944612 /* Release */,
			);
			defaultConfigurationIsVisible = 0;
		};
/* End XCConfigurationList section */
	};
	rootObject = BE12C3141921CD9800944612 /* Project object */;
}
